
Microsoft Visual Studio Solution File, Format Version 12.00
# Visual Studio Version 16
VisualStudioVersion = 16.0.32901.82
MinimumVisualStudioVersion = 10.0.40219.1
Project("{FAE04EC0-301F-11D3-BF4B-00C04F79EFBC}") = "WCFConsoleAssignment1", "WCFConsoleAssignment1\WCFConsoleAssignment1.csproj", "{7CBD4AB1-BCAD-4A22-A509-B0D737172753}"
EndProject
Global
	GlobalSection(SolutionConfigurationPlatforms) = preSolution
		Debug|Any CPU = Debug|Any CPU
		Release|Any CPU = Release|Any CPU
	EndGlobalSection
	GlobalSection(ProjectConfigurationPlatforms) = postSolution
		{7CBD4AB1-BCAD-4A22-A509-B0D737172753}.Debug|Any CPU.ActiveCfg = Debug|Any CPU
		{7CBD4AB1-BCAD-4A22-A509-B0D737172753}.Debug|Any CPU.Build.0 = Debug|Any CPU
		{7CBD4AB1-BCAD-4A22-A509-B0D737172753}.Release|Any CPU.ActiveCfg = Release|Any CPU
		{7CBD4AB1-BCAD-4A22-A509-B0D737172753}.Release|Any CPU.Build.0 = Release|Any CPU
	EndGlobalSection
	GlobalSection(SolutionProperties) = preSolution
		HideSolutionNode = FALSE
	EndGlobalSection
	GlobalSection(ExtensibilityGlobals) = postSolution
		SolutionGuid = {B375B1CD-C471-4529-82DC-2B73C5D035B4}
	EndGlobalSection
EndGlobal
